<?xml version="1.0" encoding="utf-8"?>
<Project ToolsVersion="4.0" xmlns="http://schemas.microsoft.com/developer/msbuild/2003">
  <ItemGroup>
    <Filter Include="Source Files">
      <UniqueIdentifier>{85df55f1-06db-4454-a6da-3b09c09ac97e}</UniqueIdentifier>
      <Extensions>cpp;c;cxx;rc;def;r;odl;idl;hpj;bat</Extensions>
    </Filter>
    <Filter Include="Header Files">
      <UniqueIdentifier>{be6097f2-da00-4399-a783-220a7bdbc767}</UniqueIdentifier>
      <Extensions>h;hpp;hxx;hm;inl</Extensions>
    </Filter>
    <Filter Include="Resource Files">
      <UniqueIdentifier>{f2113467-440e-480a-9073-b12b2066f807}</UniqueIdentifier>
      <Extensions>ico;cur;bmp;dlg;rc2;rct;bin;rgs;gif;jpg;jpeg;jpe</Extensions>
    </Filter>
  </ItemGroup>
  <ItemGroup>
    <ClCompile Include="..\src\alloc.c">
      <Filter>Source Files</Filter>
    </ClCompile>
    <ClCompile Include="..\src\decl.c">
      <Filter>Source Files</Filter>
    </ClCompile>
    <ClCompile Include="..\src\drawing.c">
      <Filter>Source Files</Filter>
    </ClCompile>
    <ClCompile Include="..\util\lev_lex.c">
      <Filter>Source Files</Filter>
    </ClCompile>
    <ClCompile Include="..\util\lev_main.c">
      <Filter>Source Files</Filter>
    </ClCompile>
    <ClCompile Include="..\util\lev_yacc.c">
      <Filter>Source Files</Filter>
    </ClCompile>
    <ClCompile Include="..\src\monst.c">
      <Filter>Source Files</Filter>
    </ClCompile>
    <ClCompile Include="..\src\objects.c">
      <Filter>Source Files</Filter>
    </ClCompile>
    <ClCompile Include="..\util\panic.c">
      <Filter>Source Files</Filter>
    </ClCompile>
  </ItemGroup>
  <ItemGroup>
    <ClInclude Include="..\include\lev_comp.h">
      <Filter>Header Files</Filter>
    </ClInclude>
  </ItemGroup>
</Project>