<?xml version="1.0" encoding="utf-8"?>
<Project ToolsVersion="4.0" xmlns="http://schemas.microsoft.com/developer/msbuild/2003">
  <ItemGroup>
    <Filter Include="Source Files">
      <UniqueIdentifier>{e163efb3-edab-4a5f-9512-78c15bb333c4}</UniqueIdentifier>
      <Extensions>cpp;c;cxx;rc;def;r;odl;idl;hpj;bat</Extensions>
    </Filter>
    <Filter Include="Header Files">
      <UniqueIdentifier>{c104ea32-6c19-4906-9a5c-00dd6b675210}</UniqueIdentifier>
      <Extensions>h;hpp;hxx;hm;inl</Extensions>
    </Filter>
    <Filter Include="Resource Files">
      <UniqueIdentifier>{7394499f-fce0-42f8-97ba-d4b7dc8508f0}</UniqueIdentifier>
      <Extensions>ico;cur;bmp;dlg;rc2;rct;bin;rgs;gif;jpg;jpeg;jpe</Extensions>
    </Filter>
  </ItemGroup>
  <ItemGroup>
    <ClCompile Include="..\util\makedefs.c">
      <Filter>Source Files</Filter>
    </ClCompile>
    <ClCompile Include="..\src\monst.c">
      <Filter>Source Files</Filter>
    </ClCompile>
    <ClCompile Include="..\src\objects.c">
      <Filter>Source Files</Filter>
    </ClCompile>
  </ItemGroup>
  <ItemGroup>
    <ClInclude Include="..\include\config.h">
      <Filter>Header Files</Filter>
    </ClInclude>
    <ClInclude Include="..\include\config1.h">
      <Filter>Header Files</Filter>
    </ClInclude>
    <ClInclude Include="..\include\coord.h">
      <Filter>Header Files</Filter>
    </ClInclude>
    <ClInclude Include="..\include\global.h">
      <Filter>Header Files</Filter>
    </ClInclude>
    <ClInclude Include="..\include\monattk.h">
      <Filter>Header Files</Filter>
    </ClInclude>
    <ClInclude Include="..\include\monflag.h">
      <Filter>Header Files</Filter>
    </ClInclude>
    <ClInclude Include="..\include\monsym.h">
      <Filter>Header Files</Filter>
    </ClInclude>
    <ClInclude Include="..\include\nhlan.h">
      <Filter>Header Files</Filter>
    </ClInclude>
    <ClInclude Include="..\include\ntconf.h">
      <Filter>Header Files</Filter>
    </ClInclude>
    <ClInclude Include="..\include\objclass.h">
      <Filter>Header Files</Filter>
    </ClInclude>
    <ClInclude Include="..\include\patchlevel.h">
      <Filter>Header Files</Filter>
    </ClInclude>
    <ClInclude Include="..\include\qtext.h">
      <Filter>Header Files</Filter>
    </ClInclude>
    <ClInclude Include="..\include\tradstdc.h">
      <Filter>Header Files</Filter>
    </ClInclude>
  </ItemGroup>
</Project>